uuid: 349811ce-ced5-4b22-ac31-f59be2d95b1d
langcode: en
status: true
dependencies:
  module:
    - events_display
  theme:
    - bootstrap_barrio
id: bootstrap_barrio_upcomingeventsblock
theme: bootstrap_barrio
region: top_header
weight: 0
provider: null
plugin: events_display_block
settings:
  id: events_display_block
  label: 'Upcoming Events'
  label_display: visible
  provider: events_display
  event_count: '3'
visibility: {  }
